
Microsoft Visual Studio Solution File, Format Version 12.00
# Visual Studio Version 17
VisualStudioVersion = 17.3.32929.385
MinimumVisualStudioVersion = 10.0.40219.1
Project("{9A19103F-16F7-4668-BE54-9A1E7A4F7556}") = "WebAPI", "WebAPI\WebAPI.csproj", "{2E594FF1-5418-4EAA-AB0E-A205C5F16558}"
EndProject
Project("{2150E333-8FDC-42A3-9474-1A3956D46DE8}") = "Auth", "Auth", "{CAF53A69-39A1-41ED-A8E7-14A1286E9B37}"
EndProject
Project("{2150E333-8FDC-42A3-9474-1A3956D46DE8}") = "Bll", "Bll", "{303E9F35-044D-4BCE-A4D1-A167D21B463A}"
EndProject
Project("{2150E333-8FDC-42A3-9474-1A3956D46DE8}") = "Dal", "Dal", "{C70625BC-01DA-419E-BCE4-4DD1DE9CD9C5}"
EndProject
Project("{2150E333-8FDC-42A3-9474-1A3956D46DE8}") = "Dto", "Dto", "{C15A64B7-F4ED-41DC-AB34-4283E1BE9B13}"
EndProject
Project("{2150E333-8FDC-42A3-9474-1A3956D46DE8}") = "Rest", "Rest", "{5392E8D0-13A0-4D3C-9882-6784B1C3B252}"
EndProject
Project("{2150E333-8FDC-42A3-9474-1A3956D46DE8}") = "UI", "UI", "{3561AAA5-9DF1-4B40-A726-291891D40648}"
EndProject
Project("{9A19103F-16F7-4668-BE54-9A1E7A4F7556}") = "Api.Dto.General", "Api.Dto.General\Api.Dto.General.csproj", "{37119022-838E-40A6-AAD3-41F0B780F3BF}"
EndProject
Project("{9A19103F-16F7-4668-BE54-9A1E7A4F7556}") = "Api.Dto.Estudiante", "Api.Dto.Estudiante\Api.Dto.Estudiante.csproj", "{53980F42-C334-4C95-8528-0528E5B7B8E2}"
EndProject
Project("{9A19103F-16F7-4668-BE54-9A1E7A4F7556}") = "Api.Dto.Error", "Api.Dto.Error\Api.Dto.Error.csproj", "{CFE6DD29-1369-4EBC-88D1-CA5C2AA9B9BD}"
EndProject
Project("{9A19103F-16F7-4668-BE54-9A1E7A4F7556}") = "Api.Bll.Estudiante", "Api.Bll.Estudiante\Api.Bll.Estudiante.csproj", "{D1E64630-4D7E-4E46-90C2-CC04BC461D9F}"
EndProject
Project("{9A19103F-16F7-4668-BE54-9A1E7A4F7556}") = "Api.Bll.Error", "Api.Bll.Error\Api.Bll.Error.csproj", "{4BB9F71A-6D6C-4D2C-ADCB-756CAA791D29}"
EndProject
Project("{9A19103F-16F7-4668-BE54-9A1E7A4F7556}") = "Api.Dal.General", "Api.Dal.General\Api.Dal.General.csproj", "{3A2ADA1C-A449-4B94-B26B-1B7C3D235101}"
EndProject
Project("{9A19103F-16F7-4668-BE54-9A1E7A4F7556}") = "Api.Dal.Estudiante", "Api.Dal.Estudiante\Api.Dal.Estudiante.csproj", "{E779F423-2D11-42F1-AD31-0D495138BD0F}"
EndProject
Project("{9A19103F-16F7-4668-BE54-9A1E7A4F7556}") = "Api.Dal.Error", "Api.Dal.Error\Api.Dal.Error.csproj", "{FFA41C92-6B0D-4444-98D2-2D5ED6B4052C}"
EndProject
Project("{9A19103F-16F7-4668-BE54-9A1E7A4F7556}") = "WebAPIMatricula_1C2023", "WebAPIMatricula_1C2023\WebAPIMatricula_1C2023.csproj", "{4EF9EB3F-08FC-4705-9D91-60A087CA96D7}"
EndProject
Project("{9A19103F-16F7-4668-BE54-9A1E7A4F7556}") = "Api.Dto.Curso", "Api.Dto.Curso\Api.Dto.Curso.csproj", "{D1883D17-A72E-482E-871B-7659DA9CEDC8}"
EndProject
Project("{9A19103F-16F7-4668-BE54-9A1E7A4F7556}") = "Api.Dal.Curso", "Api.Dat.Curso\Api.Dal.Curso.csproj", "{3F1A8A24-8924-4858-A374-6126B5EEDB5C}"
EndProject
Project("{9A19103F-16F7-4668-BE54-9A1E7A4F7556}") = "Api.Bll.Curso", "Api.Bll.Curso\Api.Bll.Curso.csproj", "{AFFF6274-8A04-4759-8260-6A7F51C088B3}"
EndProject
Project("{9A19103F-16F7-4668-BE54-9A1E7A4F7556}") = "Api.Dto.Gira", "Api.Dto.Gira\Api.Dto.Gira.csproj", "{D6A6C1C4-CBF8-447B-B8A5-A2BD94FE7A7C}"
EndProject
Project("{9A19103F-16F7-4668-BE54-9A1E7A4F7556}") = "Api.Dto.Club", "Api.Dto.Club\Api.Dto.Club.csproj", "{DB06269E-30EA-4248-A344-BA49B0389B5B}"
EndProject
Project("{9A19103F-16F7-4668-BE54-9A1E7A4F7556}") = "Api.Bll.Gira", "Api.Bll.Gira\Api.Bll.Gira.csproj", "{FC155794-21E7-4E93-9B60-EA27DEFB2B9C}"
EndProject
Project("{9A19103F-16F7-4668-BE54-9A1E7A4F7556}") = "Api.Bll.Club", "Api.Bll.Club\Api.Bll.Club.csproj", "{5331D0DF-DDED-480B-8FC3-D1782EA4C83D}"
EndProject
Project("{9A19103F-16F7-4668-BE54-9A1E7A4F7556}") = "Api.Dal.Gira", "Api.Dal.Gira\Api.Dal.Gira.csproj", "{995FABDD-C3A2-4B8B-A092-8F0876A0005A}"
EndProject
Project("{9A19103F-16F7-4668-BE54-9A1E7A4F7556}") = "Api.Dal.Club", "Api.Dal.Club\Api.Dal.Club.csproj", "{EA7F1CF7-2577-4FBC-8855-2D15E2C7ABF8}"
EndProject
Project("{9A19103F-16F7-4668-BE54-9A1E7A4F7556}") = "Api.Dto.Profesor", "Api.Dto.Profesor\Api.Dto.Profesor.csproj", "{B85E8E37-42C5-4BCB-8B43-95881BD2C898}"
EndProject
Project("{9A19103F-16F7-4668-BE54-9A1E7A4F7556}") = "Api.Dto.VehiculoMarchamo", "Api.Dto.VehiculoMarchamo\Api.Dto.VehiculoMarchamo.csproj", "{6DCE9032-0EE5-4F8A-AC23-A9CCFCDBB780}"
EndProject
Project("{9A19103F-16F7-4668-BE54-9A1E7A4F7556}") = "Api.Dal.Profesor", "Api.Dal.Profesor\Api.Dal.Profesor.csproj", "{D5858F0C-9965-442E-B847-9914B4804E2C}"
EndProject
Project("{9A19103F-16F7-4668-BE54-9A1E7A4F7556}") = "Api.Dal.VehiculoMarchamo", "Api.Dal.VehiculoMarchamo\Api.Dal.VehiculoMarchamo.csproj", "{F8A5F012-614C-4A9F-8601-C687F66A1497}"
EndProject
Project("{9A19103F-16F7-4668-BE54-9A1E7A4F7556}") = "Api.Bll.Profesor", "Api.Bll.Profesor\Api.Bll.Profesor.csproj", "{B1C234EB-B196-404F-B8CF-274866808FF9}"
EndProject
Project("{9A19103F-16F7-4668-BE54-9A1E7A4F7556}") = "Api.Bll.VehiculoMarchamo", "Api.Bll.VehiculoMarchamo\Api.Bll.VehiculoMarchamo.csproj", "{48471462-58DA-44C6-BF72-2DEA05EB6EC8}"
EndProject
Project("{9A19103F-16F7-4668-BE54-9A1E7A4F7556}") = "Api.Bll.Carrera", "Api.Bll.Carrera\Api.Bll.Carrera.csproj", "{2F400623-672B-4FC6-8405-C78D9439551E}"
EndProject
Project("{9A19103F-16F7-4668-BE54-9A1E7A4F7556}") = "Api.Bll.Residencia", "Api.Bll.Residencia\Api.Bll.Residencia.csproj", "{0D2D7EDA-CB7A-47AB-A90D-69129C059CE0}"
EndProject
Project("{9A19103F-16F7-4668-BE54-9A1E7A4F7556}") = "Api.Dal.Carrera", "Api.Dal.Carrera\Api.Dal.Carrera.csproj", "{E9B31246-0729-4FBD-97A8-46FC934C1562}"
EndProject
Project("{9A19103F-16F7-4668-BE54-9A1E7A4F7556}") = "Api.Dal.Residencia", "Api.Dal.Residencia\Api.Dal.Residencia.csproj", "{6E02F89E-D6CF-4CC3-B6DE-BF38FA6A6503}"
EndProject
Project("{9A19103F-16F7-4668-BE54-9A1E7A4F7556}") = "Api.Dto.Residencia", "Api.Dto.Residencia\Api.Dto.Residencia.csproj", "{FE243A76-C948-4ECE-920B-D689B99E187E}"
EndProject
Project("{9A19103F-16F7-4668-BE54-9A1E7A4F7556}") = "Api.Dto.Carrera", "Api.Dto.Carrera\Api.Dto.Carrera.csproj", "{2AB1ACD2-F192-4E14-884F-12E3EAE1D216}"
EndProject
Project("{9A19103F-16F7-4668-BE54-9A1E7A4F7556}") = "UI.WebMatricula1C2023", "UI.WebMatricula1C2023\UI.WebMatricula1C2023.csproj", "{A05169C5-9C8F-4949-8996-30CCC6B3BB47}"
EndProject
Global
	GlobalSection(SolutionConfigurationPlatforms) = preSolution
		Debug|Any CPU = Debug|Any CPU
		Release|Any CPU = Release|Any CPU
	EndGlobalSection
	GlobalSection(ProjectConfigurationPlatforms) = postSolution
		{2E594FF1-5418-4EAA-AB0E-A205C5F16558}.Debug|Any CPU.ActiveCfg = Debug|Any CPU
		{2E594FF1-5418-4EAA-AB0E-A205C5F16558}.Debug|Any CPU.Build.0 = Debug|Any CPU
		{2E594FF1-5418-4EAA-AB0E-A205C5F16558}.Release|Any CPU.ActiveCfg = Release|Any CPU
		{2E594FF1-5418-4EAA-AB0E-A205C5F16558}.Release|Any CPU.Build.0 = Release|Any CPU
		{37119022-838E-40A6-AAD3-41F0B780F3BF}.Debug|Any CPU.ActiveCfg = Debug|Any CPU
		{37119022-838E-40A6-AAD3-41F0B780F3BF}.Debug|Any CPU.Build.0 = Debug|Any CPU
		{37119022-838E-40A6-AAD3-41F0B780F3BF}.Release|Any CPU.ActiveCfg = Release|Any CPU
		{37119022-838E-40A6-AAD3-41F0B780F3BF}.Release|Any CPU.Build.0 = Release|Any CPU
		{53980F42-C334-4C95-8528-0528E5B7B8E2}.Debug|Any CPU.ActiveCfg = Debug|Any CPU
		{53980F42-C334-4C95-8528-0528E5B7B8E2}.Debug|Any CPU.Build.0 = Debug|Any CPU
		{53980F42-C334-4C95-8528-0528E5B7B8E2}.Release|Any CPU.ActiveCfg = Release|Any CPU
		{53980F42-C334-4C95-8528-0528E5B7B8E2}.Release|Any CPU.Build.0 = Release|Any CPU
		{CFE6DD29-1369-4EBC-88D1-CA5C2AA9B9BD}.Debug|Any CPU.ActiveCfg = Debug|Any CPU
		{CFE6DD29-1369-4EBC-88D1-CA5C2AA9B9BD}.Debug|Any CPU.Build.0 = Debug|Any CPU
		{CFE6DD29-1369-4EBC-88D1-CA5C2AA9B9BD}.Release|Any CPU.ActiveCfg = Release|Any CPU
		{CFE6DD29-1369-4EBC-88D1-CA5C2AA9B9BD}.Release|Any CPU.Build.0 = Release|Any CPU
		{D1E64630-4D7E-4E46-90C2-CC04BC461D9F}.Debug|Any CPU.ActiveCfg = Debug|Any CPU
		{D1E64630-4D7E-4E46-90C2-CC04BC461D9F}.Debug|Any CPU.Build.0 = Debug|Any CPU
		{D1E64630-4D7E-4E46-90C2-CC04BC461D9F}.Release|Any CPU.ActiveCfg = Release|Any CPU
		{D1E64630-4D7E-4E46-90C2-CC04BC461D9F}.Release|Any CPU.Build.0 = Release|Any CPU
		{4BB9F71A-6D6C-4D2C-ADCB-756CAA791D29}.Debug|Any CPU.ActiveCfg = Debug|Any CPU
		{4BB9F71A-6D6C-4D2C-ADCB-756CAA791D29}.Debug|Any CPU.Build.0 = Debug|Any CPU
		{4BB9F71A-6D6C-4D2C-ADCB-756CAA791D29}.Release|Any CPU.ActiveCfg = Release|Any CPU
		{4BB9F71A-6D6C-4D2C-ADCB-756CAA791D29}.Release|Any CPU.Build.0 = Release|Any CPU
		{3A2ADA1C-A449-4B94-B26B-1B7C3D235101}.Debug|Any CPU.ActiveCfg = Debug|Any CPU
		{3A2ADA1C-A449-4B94-B26B-1B7C3D235101}.Debug|Any CPU.Build.0 = Debug|Any CPU
		{3A2ADA1C-A449-4B94-B26B-1B7C3D235101}.Release|Any CPU.ActiveCfg = Release|Any CPU
		{3A2ADA1C-A449-4B94-B26B-1B7C3D235101}.Release|Any CPU.Build.0 = Release|Any CPU
		{E779F423-2D11-42F1-AD31-0D495138BD0F}.Debug|Any CPU.ActiveCfg = Debug|Any CPU
		{E779F423-2D11-42F1-AD31-0D495138BD0F}.Debug|Any CPU.Build.0 = Debug|Any CPU
		{E779F423-2D11-42F1-AD31-0D495138BD0F}.Release|Any CPU.ActiveCfg = Release|Any CPU
		{E779F423-2D11-42F1-AD31-0D495138BD0F}.Release|Any CPU.Build.0 = Release|Any CPU
		{FFA41C92-6B0D-4444-98D2-2D5ED6B4052C}.Debug|Any CPU.ActiveCfg = Debug|Any CPU
		{FFA41C92-6B0D-4444-98D2-2D5ED6B4052C}.Debug|Any CPU.Build.0 = Debug|Any CPU
		{FFA41C92-6B0D-4444-98D2-2D5ED6B4052C}.Release|Any CPU.ActiveCfg = Release|Any CPU
		{FFA41C92-6B0D-4444-98D2-2D5ED6B4052C}.Release|Any CPU.Build.0 = Release|Any CPU
		{4EF9EB3F-08FC-4705-9D91-60A087CA96D7}.Debug|Any CPU.ActiveCfg = Debug|Any CPU
		{4EF9EB3F-08FC-4705-9D91-60A087CA96D7}.Debug|Any CPU.Build.0 = Debug|Any CPU
		{4EF9EB3F-08FC-4705-9D91-60A087CA96D7}.Release|Any CPU.ActiveCfg = Release|Any CPU
		{4EF9EB3F-08FC-4705-9D91-60A087CA96D7}.Release|Any CPU.Build.0 = Release|Any CPU
		{D1883D17-A72E-482E-871B-7659DA9CEDC8}.Debug|Any CPU.ActiveCfg = Debug|Any CPU
		{D1883D17-A72E-482E-871B-7659DA9CEDC8}.Debug|Any CPU.Build.0 = Debug|Any CPU
		{D1883D17-A72E-482E-871B-7659DA9CEDC8}.Release|Any CPU.ActiveCfg = Release|Any CPU
		{D1883D17-A72E-482E-871B-7659DA9CEDC8}.Release|Any CPU.Build.0 = Release|Any CPU
		{3F1A8A24-8924-4858-A374-6126B5EEDB5C}.Debug|Any CPU.ActiveCfg = Debug|Any CPU
		{3F1A8A24-8924-4858-A374-6126B5EEDB5C}.Debug|Any CPU.Build.0 = Debug|Any CPU
		{3F1A8A24-8924-4858-A374-6126B5EEDB5C}.Release|Any CPU.ActiveCfg = Release|Any CPU
		{3F1A8A24-8924-4858-A374-6126B5EEDB5C}.Release|Any CPU.Build.0 = Release|Any CPU
		{AFFF6274-8A04-4759-8260-6A7F51C088B3}.Debug|Any CPU.ActiveCfg = Debug|Any CPU
		{AFFF6274-8A04-4759-8260-6A7F51C088B3}.Debug|Any CPU.Build.0 = Debug|Any CPU
		{AFFF6274-8A04-4759-8260-6A7F51C088B3}.Release|Any CPU.ActiveCfg = Release|Any CPU
		{AFFF6274-8A04-4759-8260-6A7F51C088B3}.Release|Any CPU.Build.0 = Release|Any CPU
		{D6A6C1C4-CBF8-447B-B8A5-A2BD94FE7A7C}.Debug|Any CPU.ActiveCfg = Debug|Any CPU
		{D6A6C1C4-CBF8-447B-B8A5-A2BD94FE7A7C}.Debug|Any CPU.Build.0 = Debug|Any CPU
		{D6A6C1C4-CBF8-447B-B8A5-A2BD94FE7A7C}.Release|Any CPU.ActiveCfg = Release|Any CPU
		{D6A6C1C4-CBF8-447B-B8A5-A2BD94FE7A7C}.Release|Any CPU.Build.0 = Release|Any CPU
		{DB06269E-30EA-4248-A344-BA49B0389B5B}.Debug|Any CPU.ActiveCfg = Debug|Any CPU
		{DB06269E-30EA-4248-A344-BA49B0389B5B}.Debug|Any CPU.Build.0 = Debug|Any CPU
		{DB06269E-30EA-4248-A344-BA49B0389B5B}.Release|Any CPU.ActiveCfg = Release|Any CPU
		{DB06269E-30EA-4248-A344-BA49B0389B5B}.Release|Any CPU.Build.0 = Release|Any CPU
		{FC155794-21E7-4E93-9B60-EA27DEFB2B9C}.Debug|Any CPU.ActiveCfg = Debug|Any CPU
		{FC155794-21E7-4E93-9B60-EA27DEFB2B9C}.Debug|Any CPU.Build.0 = Debug|Any CPU
		{FC155794-21E7-4E93-9B60-EA27DEFB2B9C}.Release|Any CPU.ActiveCfg = Release|Any CPU
		{FC155794-21E7-4E93-9B60-EA27DEFB2B9C}.Release|Any CPU.Build.0 = Release|Any CPU
		{5331D0DF-DDED-480B-8FC3-D1782EA4C83D}.Debug|Any CPU.ActiveCfg = Debug|Any CPU
		{5331D0DF-DDED-480B-8FC3-D1782EA4C83D}.Debug|Any CPU.Build.0 = Debug|Any CPU
		{5331D0DF-DDED-480B-8FC3-D1782EA4C83D}.Release|Any CPU.ActiveCfg = Release|Any CPU
		{5331D0DF-DDED-480B-8FC3-D1782EA4C83D}.Release|Any CPU.Build.0 = Release|Any CPU
		{995FABDD-C3A2-4B8B-A092-8F0876A0005A}.Debug|Any CPU.ActiveCfg = Debug|Any CPU
		{995FABDD-C3A2-4B8B-A092-8F0876A0005A}.Debug|Any CPU.Build.0 = Debug|Any CPU
		{995FABDD-C3A2-4B8B-A092-8F0876A0005A}.Release|Any CPU.ActiveCfg = Release|Any CPU
		{995FABDD-C3A2-4B8B-A092-8F0876A0005A}.Release|Any CPU.Build.0 = Release|Any CPU
		{EA7F1CF7-2577-4FBC-8855-2D15E2C7ABF8}.Debug|Any CPU.ActiveCfg = Debug|Any CPU
		{EA7F1CF7-2577-4FBC-8855-2D15E2C7ABF8}.Debug|Any CPU.Build.0 = Debug|Any CPU
		{EA7F1CF7-2577-4FBC-8855-2D15E2C7ABF8}.Release|Any CPU.ActiveCfg = Release|Any CPU
		{EA7F1CF7-2577-4FBC-8855-2D15E2C7ABF8}.Release|Any CPU.Build.0 = Release|Any CPU
		{B85E8E37-42C5-4BCB-8B43-95881BD2C898}.Debug|Any CPU.ActiveCfg = Debug|Any CPU
		{B85E8E37-42C5-4BCB-8B43-95881BD2C898}.Debug|Any CPU.Build.0 = Debug|Any CPU
		{B85E8E37-42C5-4BCB-8B43-95881BD2C898}.Release|Any CPU.ActiveCfg = Release|Any CPU
		{B85E8E37-42C5-4BCB-8B43-95881BD2C898}.Release|Any CPU.Build.0 = Release|Any CPU
		{6DCE9032-0EE5-4F8A-AC23-A9CCFCDBB780}.Debug|Any CPU.ActiveCfg = Debug|Any CPU
		{6DCE9032-0EE5-4F8A-AC23-A9CCFCDBB780}.Debug|Any CPU.Build.0 = Debug|Any CPU
		{6DCE9032-0EE5-4F8A-AC23-A9CCFCDBB780}.Release|Any CPU.ActiveCfg = Release|Any CPU
		{6DCE9032-0EE5-4F8A-AC23-A9CCFCDBB780}.Release|Any CPU.Build.0 = Release|Any CPU
		{D5858F0C-9965-442E-B847-9914B4804E2C}.Debug|Any CPU.ActiveCfg = Debug|Any CPU
		{D5858F0C-9965-442E-B847-9914B4804E2C}.Debug|Any CPU.Build.0 = Debug|Any CPU
		{D5858F0C-9965-442E-B847-9914B4804E2C}.Release|Any CPU.ActiveCfg = Release|Any CPU
		{D5858F0C-9965-442E-B847-9914B4804E2C}.Release|Any CPU.Build.0 = Release|Any CPU
		{F8A5F012-614C-4A9F-8601-C687F66A1497}.Debug|Any CPU.ActiveCfg = Debug|Any CPU
		{F8A5F012-614C-4A9F-8601-C687F66A1497}.Debug|Any CPU.Build.0 = Debug|Any CPU
		{F8A5F012-614C-4A9F-8601-C687F66A1497}.Release|Any CPU.ActiveCfg = Release|Any CPU
		{F8A5F012-614C-4A9F-8601-C687F66A1497}.Release|Any CPU.Build.0 = Release|Any CPU
		{B1C234EB-B196-404F-B8CF-274866808FF9}.Debug|Any CPU.ActiveCfg = Debug|Any CPU
		{B1C234EB-B196-404F-B8CF-274866808FF9}.Debug|Any CPU.Build.0 = Debug|Any CPU
		{B1C234EB-B196-404F-B8CF-274866808FF9}.Release|Any CPU.ActiveCfg = Release|Any CPU
		{B1C234EB-B196-404F-B8CF-274866808FF9}.Release|Any CPU.Build.0 = Release|Any CPU
		{48471462-58DA-44C6-BF72-2DEA05EB6EC8}.Debug|Any CPU.ActiveCfg = Debug|Any CPU
		{48471462-58DA-44C6-BF72-2DEA05EB6EC8}.Debug|Any CPU.Build.0 = Debug|Any CPU
		{48471462-58DA-44C6-BF72-2DEA05EB6EC8}.Release|Any CPU.ActiveCfg = Release|Any CPU
		{48471462-58DA-44C6-BF72-2DEA05EB6EC8}.Release|Any CPU.Build.0 = Release|Any CPU
		{2F400623-672B-4FC6-8405-C78D9439551E}.Debug|Any CPU.ActiveCfg = Debug|Any CPU
		{2F400623-672B-4FC6-8405-C78D9439551E}.Debug|Any CPU.Build.0 = Debug|Any CPU
		{2F400623-672B-4FC6-8405-C78D9439551E}.Release|Any CPU.ActiveCfg = Release|Any CPU
		{2F400623-672B-4FC6-8405-C78D9439551E}.Release|Any CPU.Build.0 = Release|Any CPU
		{0D2D7EDA-CB7A-47AB-A90D-69129C059CE0}.Debug|Any CPU.ActiveCfg = Debug|Any CPU
		{0D2D7EDA-CB7A-47AB-A90D-69129C059CE0}.Debug|Any CPU.Build.0 = Debug|Any CPU
		{0D2D7EDA-CB7A-47AB-A90D-69129C059CE0}.Release|Any CPU.ActiveCfg = Release|Any CPU
		{0D2D7EDA-CB7A-47AB-A90D-69129C059CE0}.Release|Any CPU.Build.0 = Release|Any CPU
		{E9B31246-0729-4FBD-97A8-46FC934C1562}.Debug|Any CPU.ActiveCfg = Debug|Any CPU
		{E9B31246-0729-4FBD-97A8-46FC934C1562}.Debug|Any CPU.Build.0 = Debug|Any CPU
		{E9B31246-0729-4FBD-97A8-46FC934C1562}.Release|Any CPU.ActiveCfg = Release|Any CPU
		{E9B31246-0729-4FBD-97A8-46FC934C1562}.Release|Any CPU.Build.0 = Release|Any CPU
		{6E02F89E-D6CF-4CC3-B6DE-BF38FA6A6503}.Debug|Any CPU.ActiveCfg = Debug|Any CPU
		{6E02F89E-D6CF-4CC3-B6DE-BF38FA6A6503}.Debug|Any CPU.Build.0 = Debug|Any CPU
		{6E02F89E-D6CF-4CC3-B6DE-BF38FA6A6503}.Release|Any CPU.ActiveCfg = Release|Any CPU
		{6E02F89E-D6CF-4CC3-B6DE-BF38FA6A6503}.Release|Any CPU.Build.0 = Release|Any CPU
		{FE243A76-C948-4ECE-920B-D689B99E187E}.Debug|Any CPU.ActiveCfg = Debug|Any CPU
		{FE243A76-C948-4ECE-920B-D689B99E187E}.Debug|Any CPU.Build.0 = Debug|Any CPU
		{FE243A76-C948-4ECE-920B-D689B99E187E}.Release|Any CPU.ActiveCfg = Release|Any CPU
		{FE243A76-C948-4ECE-920B-D689B99E187E}.Release|Any CPU.Build.0 = Release|Any CPU
		{2AB1ACD2-F192-4E14-884F-12E3EAE1D216}.Debug|Any CPU.ActiveCfg = Debug|Any CPU
		{2AB1ACD2-F192-4E14-884F-12E3EAE1D216}.Debug|Any CPU.Build.0 = Debug|Any CPU
		{2AB1ACD2-F192-4E14-884F-12E3EAE1D216}.Release|Any CPU.ActiveCfg = Release|Any CPU
		{2AB1ACD2-F192-4E14-884F-12E3EAE1D216}.Release|Any CPU.Build.0 = Release|Any CPU
		{A05169C5-9C8F-4949-8996-30CCC6B3BB47}.Debug|Any CPU.ActiveCfg = Debug|Any CPU
		{A05169C5-9C8F-4949-8996-30CCC6B3BB47}.Debug|Any CPU.Build.0 = Debug|Any CPU
		{A05169C5-9C8F-4949-8996-30CCC6B3BB47}.Release|Any CPU.ActiveCfg = Release|Any CPU
		{A05169C5-9C8F-4949-8996-30CCC6B3BB47}.Release|Any CPU.Build.0 = Release|Any CPU
	EndGlobalSection
	GlobalSection(SolutionProperties) = preSolution
		HideSolutionNode = FALSE
	EndGlobalSection
	GlobalSection(NestedProjects) = preSolution
		{2E594FF1-5418-4EAA-AB0E-A205C5F16558} = {CAF53A69-39A1-41ED-A8E7-14A1286E9B37}
		{37119022-838E-40A6-AAD3-41F0B780F3BF} = {C15A64B7-F4ED-41DC-AB34-4283E1BE9B13}
		{53980F42-C334-4C95-8528-0528E5B7B8E2} = {C15A64B7-F4ED-41DC-AB34-4283E1BE9B13}
		{CFE6DD29-1369-4EBC-88D1-CA5C2AA9B9BD} = {C15A64B7-F4ED-41DC-AB34-4283E1BE9B13}
		{D1E64630-4D7E-4E46-90C2-CC04BC461D9F} = {303E9F35-044D-4BCE-A4D1-A167D21B463A}
		{4BB9F71A-6D6C-4D2C-ADCB-756CAA791D29} = {303E9F35-044D-4BCE-A4D1-A167D21B463A}
		{3A2ADA1C-A449-4B94-B26B-1B7C3D235101} = {C70625BC-01DA-419E-BCE4-4DD1DE9CD9C5}
		{E779F423-2D11-42F1-AD31-0D495138BD0F} = {C70625BC-01DA-419E-BCE4-4DD1DE9CD9C5}
		{FFA41C92-6B0D-4444-98D2-2D5ED6B4052C} = {C70625BC-01DA-419E-BCE4-4DD1DE9CD9C5}
		{4EF9EB3F-08FC-4705-9D91-60A087CA96D7} = {5392E8D0-13A0-4D3C-9882-6784B1C3B252}
		{D1883D17-A72E-482E-871B-7659DA9CEDC8} = {C15A64B7-F4ED-41DC-AB34-4283E1BE9B13}
		{3F1A8A24-8924-4858-A374-6126B5EEDB5C} = {C70625BC-01DA-419E-BCE4-4DD1DE9CD9C5}
		{AFFF6274-8A04-4759-8260-6A7F51C088B3} = {303E9F35-044D-4BCE-A4D1-A167D21B463A}
		{D6A6C1C4-CBF8-447B-B8A5-A2BD94FE7A7C} = {C15A64B7-F4ED-41DC-AB34-4283E1BE9B13}
		{DB06269E-30EA-4248-A344-BA49B0389B5B} = {C15A64B7-F4ED-41DC-AB34-4283E1BE9B13}
		{FC155794-21E7-4E93-9B60-EA27DEFB2B9C} = {303E9F35-044D-4BCE-A4D1-A167D21B463A}
		{5331D0DF-DDED-480B-8FC3-D1782EA4C83D} = {303E9F35-044D-4BCE-A4D1-A167D21B463A}
		{995FABDD-C3A2-4B8B-A092-8F0876A0005A} = {C70625BC-01DA-419E-BCE4-4DD1DE9CD9C5}
		{EA7F1CF7-2577-4FBC-8855-2D15E2C7ABF8} = {C70625BC-01DA-419E-BCE4-4DD1DE9CD9C5}
		{B85E8E37-42C5-4BCB-8B43-95881BD2C898} = {C15A64B7-F4ED-41DC-AB34-4283E1BE9B13}
		{6DCE9032-0EE5-4F8A-AC23-A9CCFCDBB780} = {C15A64B7-F4ED-41DC-AB34-4283E1BE9B13}
		{D5858F0C-9965-442E-B847-9914B4804E2C} = {C70625BC-01DA-419E-BCE4-4DD1DE9CD9C5}
		{F8A5F012-614C-4A9F-8601-C687F66A1497} = {C70625BC-01DA-419E-BCE4-4DD1DE9CD9C5}
		{B1C234EB-B196-404F-B8CF-274866808FF9} = {303E9F35-044D-4BCE-A4D1-A167D21B463A}
		{48471462-58DA-44C6-BF72-2DEA05EB6EC8} = {303E9F35-044D-4BCE-A4D1-A167D21B463A}
		{2F400623-672B-4FC6-8405-C78D9439551E} = {303E9F35-044D-4BCE-A4D1-A167D21B463A}
		{0D2D7EDA-CB7A-47AB-A90D-69129C059CE0} = {303E9F35-044D-4BCE-A4D1-A167D21B463A}
		{E9B31246-0729-4FBD-97A8-46FC934C1562} = {C70625BC-01DA-419E-BCE4-4DD1DE9CD9C5}
		{6E02F89E-D6CF-4CC3-B6DE-BF38FA6A6503} = {C70625BC-01DA-419E-BCE4-4DD1DE9CD9C5}
		{FE243A76-C948-4ECE-920B-D689B99E187E} = {C15A64B7-F4ED-41DC-AB34-4283E1BE9B13}
		{2AB1ACD2-F192-4E14-884F-12E3EAE1D216} = {C15A64B7-F4ED-41DC-AB34-4283E1BE9B13}
		{A05169C5-9C8F-4949-8996-30CCC6B3BB47} = {3561AAA5-9DF1-4B40-A726-291891D40648}
	EndGlobalSection
	GlobalSection(ExtensibilityGlobals) = postSolution
		SolutionGuid = {3C62F016-6E00-46E8-BE5A-B20B0264DB81}
	EndGlobalSection
EndGlobal
